
Microsoft Visual Studio Solution File, Format Version 12.00
# Visual Studio Version 17
VisualStudioVersion = 17.10.35004.147
MinimumVisualStudioVersion = 10.0.40219.1
Project("{9A19103F-16F7-4668-BE54-9A1E7A4F7556}") = "LevelingHelper", "LevelingHelper.csproj", "{672F1BC9-CB3B-4082-A61B-A47528B622CE}"
EndProject
Global
	GlobalSection(SolutionConfigurationPlatforms) = preSolution
		Debug|Any CPU = Debug|Any CPU
		Release|Any CPU = Release|Any CPU
	EndGlobalSection
	GlobalSection(ProjectConfigurationPlatforms) = postSolution
		{672F1BC9-CB3B-4082-A61B-A47528B622CE}.Debug|Any CPU.ActiveCfg = Debug|Any CPU
		{672F1BC9-CB3B-4082-A61B-A47528B622CE}.Debug|Any CPU.Build.0 = Debug|Any CPU
		{672F1BC9-CB3B-4082-A61B-A47528B622CE}.Release|Any CPU.ActiveCfg = Release|Any CPU
		{672F1BC9-CB3B-4082-A61B-A47528B622CE}.Release|Any CPU.Build.0 = Release|Any CPU
	EndGlobalSection
	GlobalSection(SolutionProperties) = preSolution
		HideSolutionNode = FALSE
	EndGlobalSection
	GlobalSection(ExtensibilityGlobals) = postSolution
		SolutionGuid = {C03E6C5C-AF5C-41F6-9100-4CEB8756050B}
	EndGlobalSection
EndGlobal
